{
  "nodes": {
    "apalache-src": {
      "flake": false,
      "locked": {
        "lastModified": 1653491287,
        "narHash": "sha256-62Fsyx+mlEXdvNdrN/N0TmXLiAs94oCocFCbcOKHCcU=",
        "owner": "informalsystems",
        "repo": "apalache",
        "rev": "22dddfaaa9dc5e4b87a35fa9ee64df4236839875",
        "type": "github"
      },
      "original": {
        "owner": "informalsystems",
        "repo": "apalache",
        "type": "github"
      }
    },

    "flake-utils": {
      "locked": {
        "lastModified": 1652776076,
        "narHash": "sha256-gzTw/v1vj4dOVbpBSJX4J0DwUR6LIyXo7/SuuTJp1kM=",
        "owner": "numtide",
        "repo": "flake-utils",
        "rev": "04c1b180862888302ddfb2e3ad9eaa63afc60cf8",
        "type": "github"
      },
      "original": {
        "owner": "numtide",
        "repo": "flake-utils",
        "type": "github"
      }
    },
    "nixpkgs": {
      "locked": {
        "lastModified": 1653518111,
        "narHash": "sha256-JA1yCAXlmvZXId5BLGC0T/+pLqByWr5PwLCj8TvhWyw=",
        "owner": "nixos",
        "repo": "nixpkgs",
        "rev": "af02d617c737c385aad1789d0de1d9e6a4e608e7",

        "type": "github"
      },
      "original": {
        "owner": "nixos",
        "repo": "nixpkgs",
        "type": "github"
      }
    },
    "root": {
      "inputs": {
        "apalache-src": "apalache-src",
        "flake-utils": "flake-utils",
        "nixpkgs": "nixpkgs",
        "sbt-derivation": "sbt-derivation"
      }
    },
    "sbt-derivation": {
      "locked": {
        "lastModified": 1617466857,
        "narHash": "sha256-Z7eWMLreLtiSiJ3nWDWBy1w9WNEFexkYCgT/dWZF7yo=",
        "owner": "zaninime",
        "repo": "sbt-derivation",
        "rev": "920b6f187937493371e2b1687261017e6e014cf1",
        "type": "github"
      },
      "original": {
        "owner": "zaninime",
        "repo": "sbt-derivation",
        "type": "github"

      }
    }
  },
  "root": "root",
  "version": 7
}
